// !$*UTF8*$!
{
	archiveVersion = 1;
	classes = {
	};
	objectVersion = 46;
	objects = {

/* Begin PBXBuildFile section */
		DC18D7A51F0513EA00B007D3 /* TableExtension.swift in Sources */ = {isa = PBXBuildFile; fileRef = DC18D7A41F0513EA00B007D3 /* TableExtension.swift */; };
		DC258AFA1EEE058000CA9683 /* ORSSerialPort.m in Sources */ = {isa = PBXBuildFile; fileRef = DC258AF11EEE058000CA9683 /* ORSSerialPort.m */; };
		DC258AFB1EEE058000CA9683 /* ORSSerialPortManager.m in Sources */ = {isa = PBXBuildFile; fileRef = DC258AF31EEE058000CA9683 /* ORSSerialPortManager.m */; };
		DC258AFC1EEE058000CA9683 /* ORSSerialBuffer.m in Sources */ = {isa = PBXBuildFile; fileRef = DC258AF51EEE058000CA9683 /* ORSSerialBuffer.m */; };
		DC258AFD1EEE058000CA9683 /* ORSSerialPacketDescriptor.m in Sources */ = {isa = PBXBuildFile; fileRef = DC258AF71EEE058000CA9683 /* ORSSerialPacketDescriptor.m */; };
		DC258AFE1EEE058000CA9683 /* ORSSerialRequest.m in Sources */ = {isa = PBXBuildFile; fileRef = DC258AF91EEE058000CA9683 /* ORSSerialRequest.m */; };
		DC3830F81EF075DC00607281 /* Parser.swift in Sources */ = {isa = PBXBuildFile; fileRef = DC3830F71EF075DC00607281 /* Parser.swift */; };
		DC3830F91EF075DC00607281 /* Parser.swift in Sources */ = {isa = PBXBuildFile; fileRef = DC3830F71EF075DC00607281 /* Parser.swift */; };
		DC3830FB1EF0891300607281 /* DataPoint.swift in Sources */ = {isa = PBXBuildFile; fileRef = DC3830FA1EF0891300607281 /* DataPoint.swift */; };
		DC3830FC1EF0891300607281 /* DataPoint.swift in Sources */ = {isa = PBXBuildFile; fileRef = DC3830FA1EF0891300607281 /* DataPoint.swift */; };
		DC3830FE1EF09ED300607281 /* Telemetry.swift in Sources */ = {isa = PBXBuildFile; fileRef = DC3830FD1EF09ED300607281 /* Telemetry.swift */; };
		DC3830FF1EF09ED300607281 /* Telemetry.swift in Sources */ = {isa = PBXBuildFile; fileRef = DC3830FD1EF09ED300607281 /* Telemetry.swift */; };
		DC3831011EF09EE600607281 /* PacketRouter.swift in Sources */ = {isa = PBXBuildFile; fileRef = DC3831001EF09EE600607281 /* PacketRouter.swift */; };
		DC3831021EF09EE600607281 /* PacketRouter.swift in Sources */ = {isa = PBXBuildFile; fileRef = DC3831001EF09EE600607281 /* PacketRouter.swift */; };
		DC7122B51EF22121004A3F87 /* MapView.swift in Sources */ = {isa = PBXBuildFile; fileRef = DC7122B41EF22121004A3F87 /* MapView.swift */; };
		DC7122B61EF22121004A3F87 /* MapView.swift in Sources */ = {isa = PBXBuildFile; fileRef = DC7122B41EF22121004A3F87 /* MapView.swift */; };
		DC7122B81EF22417004A3F87 /* Colours.swift in Sources */ = {isa = PBXBuildFile; fileRef = DC7122B71EF22417004A3F87 /* Colours.swift */; };
		DC7122B91EF22417004A3F87 /* Colours.swift in Sources */ = {isa = PBXBuildFile; fileRef = DC7122B71EF22417004A3F87 /* Colours.swift */; };
		DC7122BB1EF22C3C004A3F87 /* CocoaColorLib.swift in Sources */ = {isa = PBXBuildFile; fileRef = DC7122BA1EF22C3C004A3F87 /* CocoaColorLib.swift */; };
		DC7122BC1EF22C3C004A3F87 /* CocoaColorLib.swift in Sources */ = {isa = PBXBuildFile; fileRef = DC7122BA1EF22C3C004A3F87 /* CocoaColorLib.swift */; };
		DCA9980B1EEE04C50034A6C6 /* AppDelegate.swift in Sources */ = {isa = PBXBuildFile; fileRef = DCA9980A1EEE04C50034A6C6 /* AppDelegate.swift */; };
		DCA9980D1EEE04C50034A6C6 /* ControlPanelController.swift in Sources */ = {isa = PBXBuildFile; fileRef = DCA9980C1EEE04C50034A6C6 /* ControlPanelController.swift */; };
		DCA9980F1EEE04C50034A6C6 /* Assets.xcassets in Resources */ = {isa = PBXBuildFile; fileRef = DCA9980E1EEE04C50034A6C6 /* Assets.xcassets */; };
		DCA998121EEE04C50034A6C6 /* Main.storyboard in Resources */ = {isa = PBXBuildFile; fileRef = DCA998101EEE04C50034A6C6 /* Main.storyboard */; };
		DCA9981D1EEE04C50034A6C6 /* AZL_ControlTests.swift in Sources */ = {isa = PBXBuildFile; fileRef = DCA9981C1EEE04C50034A6C6 /* AZL_ControlTests.swift */; };
/* End PBXBuildFile section */

/* Begin PBXContainerItemProxy section */
		DCA998191EEE04C50034A6C6 /* PBXContainerItemProxy */ = {
			isa = PBXContainerItemProxy;
			containerPortal = DCA997FF1EEE04C50034A6C6 /* Project object */;
			proxyType = 1;
			remoteGlobalIDString = DCA998061EEE04C50034A6C6;
			remoteInfo = "AZL Control";
		};
/* End PBXContainerItemProxy section */

/* Begin PBXFileReference section */
		DC18D7A41F0513EA00B007D3 /* TableExtension.swift */ = {isa = PBXFileReference; fileEncoding = 4; lastKnownFileType = sourcecode.swift; path = TableExtension.swift; sourceTree = "<group>"; };
		DC258AEF1EEE057F00CA9683 /* AZL Control-Bridging-Header.h */ = {isa = PBXFileReference; lastKnownFileType = sourcecode.c.h; path = "AZL Control-Bridging-Header.h"; sourceTree = "<group>"; };
		DC258AF01EEE058000CA9683 /* ORSSerialPort.h */ = {isa = PBXFileReference; fileEncoding = 4; lastKnownFileType = sourcecode.c.h; path = ORSSerialPort.h; sourceTree = "<group>"; };
		DC258AF11EEE058000CA9683 /* ORSSerialPort.m */ = {isa = PBXFileReference; fileEncoding = 4; lastKnownFileType = sourcecode.c.objc; path = ORSSerialPort.m; sourceTree = "<group>"; };
		DC258AF21EEE058000CA9683 /* ORSSerialPortManager.h */ = {isa = PBXFileReference; fileEncoding = 4; lastKnownFileType = sourcecode.c.h; path = ORSSerialPortManager.h; sourceTree = "<group>"; };
		DC258AF31EEE058000CA9683 /* ORSSerialPortManager.m */ = {isa = PBXFileReference; fileEncoding = 4; lastKnownFileType = sourcecode.c.objc; path = ORSSerialPortManager.m; sourceTree = "<group>"; };
		DC258AF41EEE058000CA9683 /* ORSSerialBuffer.h */ = {isa = PBXFileReference; fileEncoding = 4; lastKnownFileType = sourcecode.c.h; path = ORSSerialBuffer.h; sourceTree = "<group>"; };
		DC258AF51EEE058000CA9683 /* ORSSerialBuffer.m */ = {isa = PBXFileReference; fileEncoding = 4; lastKnownFileType = sourcecode.c.objc; path = ORSSerialBuffer.m; sourceTree = "<group>"; };
		DC258AF61EEE058000CA9683 /* ORSSerialPacketDescriptor.h */ = {isa = PBXFileReference; fileEncoding = 4; lastKnownFileType = sourcecode.c.h; path = ORSSerialPacketDescriptor.h; sourceTree = "<group>"; };
		DC258AF71EEE058000CA9683 /* ORSSerialPacketDescriptor.m */ = {isa = PBXFileReference; fileEncoding = 4; lastKnownFileType = sourcecode.c.objc; path = ORSSerialPacketDescriptor.m; sourceTree = "<group>"; };
		DC258AF81EEE058000CA9683 /* ORSSerialRequest.h */ = {isa = PBXFileReference; fileEncoding = 4; lastKnownFileType = sourcecode.c.h; path = ORSSerialRequest.h; sourceTree = "<group>"; };
		DC258AF91EEE058000CA9683 /* ORSSerialRequest.m */ = {isa = PBXFileReference; fileEncoding = 4; lastKnownFileType = sourcecode.c.objc; path = ORSSerialRequest.m; sourceTree = "<group>"; };
		DC3830F71EF075DC00607281 /* Parser.swift */ = {isa = PBXFileReference; fileEncoding = 4; lastKnownFileType = sourcecode.swift; path = Parser.swift; sourceTree = "<group>"; };
		DC3830FA1EF0891300607281 /* DataPoint.swift */ = {isa = PBXFileReference; fileEncoding = 4; lastKnownFileType = sourcecode.swift; path = DataPoint.swift; sourceTree = "<group>"; };
		DC3830FD1EF09ED300607281 /* Telemetry.swift */ = {isa = PBXFileReference; fileEncoding = 4; lastKnownFileType = sourcecode.swift; path = Telemetry.swift; sourceTree = "<group>"; };
		DC3831001EF09EE600607281 /* PacketRouter.swift */ = {isa = PBXFileReference; fileEncoding = 4; lastKnownFileType = sourcecode.swift; path = PacketRouter.swift; sourceTree = "<group>"; };
		DC7122B41EF22121004A3F87 /* MapView.swift */ = {isa = PBXFileReference; fileEncoding = 4; lastKnownFileType = sourcecode.swift; path = MapView.swift; sourceTree = "<group>"; };
		DC7122B71EF22417004A3F87 /* Colours.swift */ = {isa = PBXFileReference; fileEncoding = 4; lastKnownFileType = sourcecode.swift; path = Colours.swift; sourceTree = "<group>"; };
		DC7122BA1EF22C3C004A3F87 /* CocoaColorLib.swift */ = {isa = PBXFileReference; fileEncoding = 4; lastKnownFileType = sourcecode.swift; path = CocoaColorLib.swift; sourceTree = "<group>"; };
		DCA998071EEE04C50034A6C6 /* AZL Control.app */ = {isa = PBXFileReference; explicitFileType = wrapper.application; includeInIndex = 0; path = "AZL Control.app"; sourceTree = BUILT_PRODUCTS_DIR; };
		DCA9980A1EEE04C50034A6C6 /* AppDelegate.swift */ = {isa = PBXFileReference; lastKnownFileType = sourcecode.swift; path = AppDelegate.swift; sourceTree = "<group>"; };
		DCA9980C1EEE04C50034A6C6 /* ControlPanelController.swift */ = {isa = PBXFileReference; lastKnownFileType = sourcecode.swift; path = ControlPanelController.swift; sourceTree = "<group>"; };
		DCA9980E1EEE04C50034A6C6 /* Assets.xcassets */ = {isa = PBXFileReference; lastKnownFileType = folder.assetcatalog; path = Assets.xcassets; sourceTree = "<group>"; };
		DCA998111EEE04C50034A6C6 /* Base */ = {isa = PBXFileReference; lastKnownFileType = file.storyboard; name = Base; path = Base.lproj/Main.storyboard; sourceTree = "<group>"; };
		DCA998131EEE04C50034A6C6 /* Info.plist */ = {isa = PBXFileReference; lastKnownFileType = text.plist.xml; path = Info.plist; sourceTree = "<group>"; };
		DCA998181EEE04C50034A6C6 /* AZL ControlTests.xctest */ = {isa = PBXFileReference; explicitFileType = wrapper.cfbundle; includeInIndex = 0; path = "AZL ControlTests.xctest"; sourceTree = BUILT_PRODUCTS_DIR; };
		DCA9981C1EEE04C50034A6C6 /* AZL_ControlTests.swift */ = {isa = PBXFileReference; lastKnownFileType = sourcecode.swift; path = AZL_ControlTests.swift; sourceTree = "<group>"; };
		DCA9981E1EEE04C50034A6C6 /* Info.plist */ = {isa = PBXFileReference; lastKnownFileType = text.plist.xml; path = Info.plist; sourceTree = "<group>"; };
/* End PBXFileReference section */

/* Begin PBXFrameworksBuildPhase section */
		DCA998041EEE04C50034A6C6 /* Frameworks */ = {
			isa = PBXFrameworksBuildPhase;
			buildActionMask = 2147483647;
			files = (
			);
			runOnlyForDeploymentPostprocessing = 0;
		};
		DCA998151EEE04C50034A6C6 /* Frameworks */ = {
			isa = PBXFrameworksBuildPhase;
			buildActionMask = 2147483647;
			files = (
			);
			runOnlyForDeploymentPostprocessing = 0;
		};
/* End PBXFrameworksBuildPhase section */

/* Begin PBXGroup section */
		DCA997FE1EEE04C50034A6C6 = {
			isa = PBXGroup;
			children = (
				DCA998091EEE04C50034A6C6 /* AZL Control */,
				DCA9981B1EEE04C50034A6C6 /* AZL ControlTests */,
				DCA998081EEE04C50034A6C6 /* Products */,
			);
			sourceTree = "<group>";
		};
		DCA998081EEE04C50034A6C6 /* Products */ = {
			isa = PBXGroup;
			children = (
				DCA998071EEE04C50034A6C6 /* AZL Control.app */,
				DCA998181EEE04C50034A6C6 /* AZL ControlTests.xctest */,
			);
			name = Products;
			sourceTree = "<group>";
		};
		DCA998091EEE04C50034A6C6 /* AZL Control */ = {
			isa = PBXGroup;
			children = (
				DCA9980A1EEE04C50034A6C6 /* AppDelegate.swift */,
				DCA9980C1EEE04C50034A6C6 /* ControlPanelController.swift */,
				DC18D7A41F0513EA00B007D3 /* TableExtension.swift */,
				DC3830F71EF075DC00607281 /* Parser.swift */,
				DC3830FA1EF0891300607281 /* DataPoint.swift */,
				DC3830FD1EF09ED300607281 /* Telemetry.swift */,
				DC3831001EF09EE600607281 /* PacketRouter.swift */,
				DC7122B41EF22121004A3F87 /* MapView.swift */,
				DC7122B71EF22417004A3F87 /* Colours.swift */,
				DC7122BA1EF22C3C004A3F87 /* CocoaColorLib.swift */,
				DCA9980E1EEE04C50034A6C6 /* Assets.xcassets */,
				DC258AF01EEE058000CA9683 /* ORSSerialPort.h */,
				DC258AF11EEE058000CA9683 /* ORSSerialPort.m */,
				DC258AF21EEE058000CA9683 /* ORSSerialPortManager.h */,
				DC258AF31EEE058000CA9683 /* ORSSerialPortManager.m */,
				DC258AF41EEE058000CA9683 /* ORSSerialBuffer.h */,
				DC258AF51EEE058000CA9683 /* ORSSerialBuffer.m */,
				DC258AF61EEE058000CA9683 /* ORSSerialPacketDescriptor.h */,
				DC258AF71EEE058000CA9683 /* ORSSerialPacketDescriptor.m */,
				DC258AF81EEE058000CA9683 /* ORSSerialRequest.h */,
				DC258AF91EEE058000CA9683 /* ORSSerialRequest.m */,
				DCA998101EEE04C50034A6C6 /* Main.storyboard */,
				DCA998131EEE04C50034A6C6 /* Info.plist */,
				DC258AEF1EEE057F00CA9683 /* AZL Control-Bridging-Header.h */,
			);
			path = "AZL Control";
			sourceTree = "<group>";
		};
		DCA9981B1EEE04C50034A6C6 /* AZL ControlTests */ = {
			isa = PBXGroup;
			children = (
				DCA9981C1EEE04C50034A6C6 /* AZL_ControlTests.swift */,
				DCA9981E1EEE04C50034A6C6 /* Info.plist */,
			);
			path = "AZL ControlTests";
			sourceTree = "<group>";
		};
/* End PBXGroup section */

/* Begin PBXNativeTarget section */
		DCA998061EEE04C50034A6C6 /* AZL Control */ = {
			isa = PBXNativeTarget;
			buildConfigurationList = DCA998211EEE04C50034A6C6 /* Build configuration list for PBXNativeTarget "AZL Control" */;
			buildPhases = (
				DCA998031EEE04C50034A6C6 /* Sources */,
				DCA998041EEE04C50034A6C6 /* Frameworks */,
				DCA998051EEE04C50034A6C6 /* Resources */,
			);
			buildRules = (
			);
			dependencies = (
			);
			name = "AZL Control";
			productName = "AZL Control";
			productReference = DCA998071EEE04C50034A6C6 /* AZL Control.app */;
			productType = "com.apple.product-type.application";
		};
		DCA998171EEE04C50034A6C6 /* AZL ControlTests */ = {
			isa = PBXNativeTarget;
			buildConfigurationList = DCA998241EEE04C50034A6C6 /* Build configuration list for PBXNativeTarget "AZL ControlTests" */;
			buildPhases = (
				DCA998141EEE04C50034A6C6 /* Sources */,
				DCA998151EEE04C50034A6C6 /* Frameworks */,
				DCA998161EEE04C50034A6C6 /* Resources */,
			);
			buildRules = (
			);
			dependencies = (
				DCA9981A1EEE04C50034A6C6 /* PBXTargetDependency */,
			);
			name = "AZL ControlTests";
			productName = "AZL ControlTests";
			productReference = DCA998181EEE04C50034A6C6 /* AZL ControlTests.xctest */;
			productType = "com.apple.product-type.bundle.unit-test";
		};
/* End PBXNativeTarget section */

/* Begin PBXProject section */
		DCA997FF1EEE04C50034A6C6 /* Project object */ = {
			isa = PBXProject;
			attributes = {
				LastSwiftUpdateCheck = 0830;
				LastUpgradeCheck = 0830;
				ORGANIZATIONNAME = "Stephen Flores";
				TargetAttributes = {
					DCA998061EEE04C50034A6C6 = {
						CreatedOnToolsVersion = 8.3.2;
						LastSwiftMigration = 0830;
						ProvisioningStyle = Automatic;
					};
					DCA998171EEE04C50034A6C6 = {
						CreatedOnToolsVersion = 8.3.2;
						ProvisioningStyle = Automatic;
						TestTargetID = DCA998061EEE04C50034A6C6;
					};
				};
			};
			buildConfigurationList = DCA998021EEE04C50034A6C6 /* Build configuration list for PBXProject "AZL Control" */;
			compatibilityVersion = "Xcode 3.2";
			developmentRegion = English;
			hasScannedForEncodings = 0;
			knownRegions = (
				en,
				Base,
			);
			mainGroup = DCA997FE1EEE04C50034A6C6;
			productRefGroup = DCA998081EEE04C50034A6C6 /* Products */;
			projectDirPath = "";
			projectRoot = "";
			targets = (
				DCA998061EEE04C50034A6C6 /* AZL Control */,
				DCA998171EEE04C50034A6C6 /* AZL ControlTests */,
			);
		};
/* End PBXProject section */

/* Begin PBXResourcesBuildPhase section */
		DCA998051EEE04C50034A6C6 /* Resources */ = {
			isa = PBXResourcesBuildPhase;
			buildActionMask = 2147483647;
			files = (
				DCA9980F1EEE04C50034A6C6 /* Assets.xcassets in Resources */,
				DCA998121EEE04C50034A6C6 /* Main.storyboard in Resources */,
			);
			runOnlyForDeploymentPostprocessing = 0;
		};
		DCA998161EEE04C50034A6C6 /* Resources */ = {
			isa = PBXResourcesBuildPhase;
			buildActionMask = 2147483647;
			files = (
			);
			runOnlyForDeploymentPostprocessing = 0;
		};
/* End PBXResourcesBuildPhase section */

/* Begin PBXSourcesBuildPhase section */
		DCA998031EEE04C50034A6C6 /* Sources */ = {
			isa = PBXSourcesBuildPhase;
			buildActionMask = 2147483647;
			files = (
				DC3830FB1EF0891300607281 /* DataPoint.swift in Sources */,
				DC7122B51EF22121004A3F87 /* MapView.swift in Sources */,
				DC258AFA1EEE058000CA9683 /* ORSSerialPort.m in Sources */,
				DC7122B81EF22417004A3F87 /* Colours.swift in Sources */,
				DC258AFB1EEE058000CA9683 /* ORSSerialPortManager.m in Sources */,
				DC7122BB1EF22C3C004A3F87 /* CocoaColorLib.swift in Sources */,
				DC3830FE1EF09ED300607281 /* Telemetry.swift in Sources */,
				DC258AFE1EEE058000CA9683 /* ORSSerialRequest.m in Sources */,
				DCA9980D1EEE04C50034A6C6 /* ControlPanelController.swift in Sources */,
				DC3830F81EF075DC00607281 /* Parser.swift in Sources */,
				DC3831011EF09EE600607281 /* PacketRouter.swift in Sources */,
				DC258AFD1EEE058000CA9683 /* ORSSerialPacketDescriptor.m in Sources */,
				DCA9980B1EEE04C50034A6C6 /* AppDelegate.swift in Sources */,
				DC18D7A51F0513EA00B007D3 /* TableExtension.swift in Sources */,
				DC258AFC1EEE058000CA9683 /* ORSSerialBuffer.m in Sources */,
			);
			runOnlyForDeploymentPostprocessing = 0;
		};
		DCA998141EEE04C50034A6C6 /* Sources */ = {
			isa = PBXSourcesBuildPhase;
			buildActionMask = 2147483647;
			files = (
				DC3830FC1EF0891300607281 /* DataPoint.swift in Sources */,
				DC7122BC1EF22C3C004A3F87 /* CocoaColorLib.swift in Sources */,
				DC7122B91EF22417004A3F87 /* Colours.swift in Sources */,
				DC7122B61EF22121004A3F87 /* MapView.swift in Sources */,
				DC3830FF1EF09ED300607281 /* Telemetry.swift in Sources */,
				DC3830F91EF075DC00607281 /* Parser.swift in Sources */,
				DCA9981D1EEE04C50034A6C6 /* AZL_ControlTests.swift in Sources */,
				DC3831021EF09EE600607281 /* PacketRouter.swift in Sources */,
			);
			runOnlyForDeploymentPostprocessing = 0;
		};
/* End PBXSourcesBuildPhase section */

/* Begin PBXTargetDependency section */
		DCA9981A1EEE04C50034A6C6 /* PBXTargetDependency */ = {
			isa = PBXTargetDependency;
			target = DCA998061EEE04C50034A6C6 /* AZL Control */;
			targetProxy = DCA998191EEE04C50034A6C6 /* PBXContainerItemProxy */;
		};
/* End PBXTargetDependency section */

/* Begin PBXVariantGroup section */
		DCA998101EEE04C50034A6C6 /* Main.storyboard */ = {
			isa = PBXVariantGroup;
			children = (
				DCA998111EEE04C50034A6C6 /* Base */,
			);
			name = Main.storyboard;
			sourceTree = "<group>";
		};
/* End PBXVariantGroup section */

/* Begin XCBuildConfiguration section */
		DCA9981F1EEE04C50034A6C6 /* Debug */ = {
			isa = XCBuildConfiguration;
			buildSettings = {
				ALWAYS_SEARCH_USER_PATHS = NO;
				CLANG_ANALYZER_NONNULL = YES;
				CLANG_ANALYZER_NUMBER_OBJECT_CONVERSION = YES_AGGRESSIVE;
				CLANG_CXX_LANGUAGE_STANDARD = "gnu++0x";
				CLANG_CXX_LIBRARY = "libc++";
				CLANG_ENABLE_MODULES = YES;
				CLANG_ENABLE_OBJC_ARC = YES;
				CLANG_WARN_BOOL_CONVERSION = YES;
				CLANG_WARN_CONSTANT_CONVERSION = YES;
				CLANG_WARN_DIRECT_OBJC_ISA_USAGE = YES_ERROR;
				CLANG_WARN_DOCUMENTATION_COMMENTS = YES;
				CLANG_WARN_EMPTY_BODY = YES;
				CLANG_WARN_ENUM_CONVERSION = YES;
				CLANG_WARN_INFINITE_RECURSION = YES;
				CLANG_WARN_INT_CONVERSION = YES;
				CLANG_WARN_OBJC_ROOT_CLASS = YES_ERROR;
				CLANG_WARN_SUSPICIOUS_MOVE = YES;
				CLANG_WARN_UNREACHABLE_CODE = YES;
				CLANG_WARN__DUPLICATE_METHOD_MATCH = YES;
				CODE_SIGN_IDENTITY = "-";
				COPY_PHASE_STRIP = NO;
				DEBUG_INFORMATION_FORMAT = dwarf;
				ENABLE_STRICT_OBJC_MSGSEND = YES;
				ENABLE_TESTABILITY = YES;
				GCC_C_LANGUAGE_STANDARD = gnu99;
				GCC_DYNAMIC_NO_PIC = NO;
				GCC_NO_COMMON_BLOCKS = YES;
				GCC_OPTIMIZATION_LEVEL = 0;
				GCC_PREPROCESSOR_DEFINITIONS = (
					"DEBUG=1",
					"$(inherited)",
				);
				GCC_WARN_64_TO_32_BIT_CONVERSION = YES;
				GCC_WARN_ABOUT_RETURN_TYPE = YES_ERROR;
				GCC_WARN_UNDECLARED_SELECTOR = YES;
				GCC_WARN_UNINITIALIZED_AUTOS = YES_AGGRESSIVE;
				GCC_WARN_UNUSED_FUNCTION = YES;
				GCC_WARN_UNUSED_VARIABLE = YES;
				MACOSX_DEPLOYMENT_TARGET = 10.12;
				MTL_ENABLE_DEBUG_INFO = YES;
				ONLY_ACTIVE_ARCH = YES;
				SDKROOT = macosx;
				SWIFT_ACTIVE_COMPILATION_CONDITIONS = DEBUG;
				SWIFT_OPTIMIZATION_LEVEL = "-Onone";
			};
			name = Debug;
		};
		DCA998201EEE04C50034A6C6 /* Release */ = {
			isa = XCBuildConfiguration;
			buildSettings = {
				ALWAYS_SEARCH_USER_PATHS = NO;
				CLANG_ANALYZER_NONNULL = YES;
				CLANG_ANALYZER_NUMBER_OBJECT_CONVERSION = YES_AGGRESSIVE;
				CLANG_CXX_LANGUAGE_STANDARD = "gnu++0x";
				CLANG_CXX_LIBRARY = "libc++";
				CLANG_ENABLE_MODULES = YES;
				CLANG_ENABLE_OBJC_ARC = YES;
				CLANG_WARN_BOOL_CONVERSION = YES;
				CLANG_WARN_CONSTANT_CONVERSION = YES;
				CLANG_WARN_DIRECT_OBJC_ISA_USAGE = YES_ERROR;
				CLANG_WARN_DOCUMENTATION_COMMENTS = YES;
				CLANG_WARN_EMPTY_BODY = YES;
				CLANG_WARN_ENUM_CONVERSION = YES;
				CLANG_WARN_INFINITE_RECURSION = YES;
				CLANG_WARN_INT_CONVERSION = YES;
				CLANG_WARN_OBJC_ROOT_CLASS = YES_ERROR;
				CLANG_WARN_SUSPICIOUS_MOVE = YES;
				CLANG_WARN_UNREACHABLE_CODE = YES;
				CLANG_WARN__DUPLICATE_METHOD_MATCH = YES;
				CODE_SIGN_IDENTITY = "-";
				COPY_PHASE_STRIP = NO;
				DEBUG_INFORMATION_FORMAT = "dwarf-with-dsym";
				ENABLE_NS_ASSERTIONS = NO;
				ENABLE_STRICT_OBJC_MSGSEND = YES;
				GCC_C_LANGUAGE_STANDARD = gnu99;
				GCC_NO_COMMON_BLOCKS = YES;
				GCC_WARN_64_TO_32_BIT_CONVERSION = YES;
				GCC_WARN_ABOUT_RETURN_TYPE = YES_ERROR;
				GCC_WARN_UNDECLARED_SELECTOR = YES;
				GCC_WARN_UNINITIALIZED_AUTOS = YES_AGGRESSIVE;
				GCC_WARN_UNUSED_FUNCTION = YES;
				GCC_WARN_UNUSED_VARIABLE = YES;
				MACOSX_DEPLOYMENT_TARGET = 10.12;
				MTL_ENABLE_DEBUG_INFO = NO;
				SDKROOT = macosx;
				SWIFT_OPTIMIZATION_LEVEL = "-Owholemodule";
			};
			name = Release;
		};
		DCA998221EEE04C50034A6C6 /* Debug */ = {
			isa = XCBuildConfiguration;
			buildSettings = {
				ASSETCATALOG_COMPILER_APPICON_NAME = AppIcon;
				CLANG_ENABLE_MODULES = YES;
				COMBINE_HIDPI_IMAGES = YES;
				INFOPLIST_FILE = "AZL Control/Info.plist";
				LD_RUNPATH_SEARCH_PATHS = "$(inherited) @executable_path/../Frameworks";
				PRODUCT_BUNDLE_IDENTIFIER = "com.Prograde.AZL-Control";
				PRODUCT_NAME = "$(TARGET_NAME)";
				SWIFT_OBJC_BRIDGING_HEADER = "AZL Control/AZL Control-Bridging-Header.h";
				SWIFT_OPTIMIZATION_LEVEL = "-Onone";
				SWIFT_VERSION = 3.0;
			};
			name = Debug;
		};
		DCA998231EEE04C50034A6C6 /* Release */ = {
			isa = XCBuildConfiguration;
			buildSettings = {
				ASSETCATALOG_COMPILER_APPICON_NAME = AppIcon;
				CLANG_ENABLE_MODULES = YES;
				COMBINE_HIDPI_IMAGES = YES;
				INFOPLIST_FILE = "AZL Control/Info.plist";
				LD_RUNPATH_SEARCH_PATHS = "$(inherited) @executable_path/../Frameworks";
				PRODUCT_BUNDLE_IDENTIFIER = "com.Prograde.AZL-Control";
				PRODUCT_NAME = "$(TARGET_NAME)";
				SWIFT_OBJC_BRIDGING_HEADER = "AZL Control/AZL Control-Bridging-Header.h";
				SWIFT_VERSION = 3.0;
			};
			name = Release;
		};
		DCA998251EEE04C50034A6C6 /* Debug */ = {
			isa = XCBuildConfiguration;
			buildSettings = {
				ALWAYS_EMBED_SWIFT_STANDARD_LIBRARIES = YES;
				BUNDLE_LOADER = "$(TEST_HOST)";
				COMBINE_HIDPI_IMAGES = YES;
				INFOPLIST_FILE = "AZL ControlTests/Info.plist";
				LD_RUNPATH_SEARCH_PATHS = "$(inherited) @executable_path/../Frameworks @loader_path/../Frameworks";
				PRODUCT_BUNDLE_IDENTIFIER = "com.Prograde.AZL-ControlTests";
				PRODUCT_NAME = "$(TARGET_NAME)";
				SWIFT_VERSION = 3.0;
				TEST_HOST = "$(BUILT_PRODUCTS_DIR)/AZL Control.app/Contents/MacOS/AZL Control";
			};
			name = Debug;
		};
		DCA998261EEE04C50034A6C6 /* Release */ = {
			isa = XCBuildConfiguration;
			buildSettings = {
				ALWAYS_EMBED_SWIFT_STANDARD_LIBRARIES = YES;
				BUNDLE_LOADER = "$(TEST_HOST)";
				COMBINE_HIDPI_IMAGES = YES;
				INFOPLIST_FILE = "AZL ControlTests/Info.plist";
				LD_RUNPATH_SEARCH_PATHS = "$(inherited) @executable_path/../Frameworks @loader_path/../Frameworks";
				PRODUCT_BUNDLE_IDENTIFIER = "com.Prograde.AZL-ControlTests";
				PRODUCT_NAME = "$(TARGET_NAME)";
				SWIFT_VERSION = 3.0;
				TEST_HOST = "$(BUILT_PRODUCTS_DIR)/AZL Control.app/Contents/MacOS/AZL Control";
			};
			name = Release;
		};
/* End XCBuildConfiguration section */

/* Begin XCConfigurationList section */
		DCA998021EEE04C50034A6C6 /* Build configuration list for PBXProject "AZL Control" */ = {
			isa = XCConfigurationList;
			buildConfigurations = (
				DCA9981F1EEE04C50034A6C6 /* Debug */,
				DCA998201EEE04C50034A6C6 /* Release */,
			);
			defaultConfigurationIsVisible = 0;
			defaultConfigurationName = Release;
		};
		DCA998211EEE04C50034A6C6 /* Build configuration list for PBXNativeTarget "AZL Control" */ = {
			isa = XCConfigurationList;
			buildConfigurations = (
				DCA998221EEE04C50034A6C6 /* Debug */,
				DCA998231EEE04C50034A6C6 /* Release */,
			);
			defaultConfigurationIsVisible = 0;
			defaultConfigurationName = Release;
		};
		DCA998241EEE04C50034A6C6 /* Build configuration list for PBXNativeTarget "AZL ControlTests" */ = {
			isa = XCConfigurationList;
			buildConfigurations = (
				DCA998251EEE04C50034A6C6 /* Debug */,
				DCA998261EEE04C50034A6C6 /* Release */,
			);
			defaultConfigurationIsVisible = 0;
			defaultConfigurationName = Release;
		};
/* End XCConfigurationList section */
	};
	rootObject = DCA997FF1EEE04C50034A6C6 /* Project object */;
}
